
Microsoft Visual Studio Solution File, Format Version 12.00
# Visual Studio Version 17
VisualStudioVersion = 17.11.35312.102
MinimumVisualStudioVersion = 10.0.40219.1
Project("{9A19103F-16F7-4668-BE54-9A1E7A4F7556}") = "MainProject", "RepresentationStability\MainProject.csproj", "{42B27242-D3C7-4912-8567-DFDE662AE82B}"
EndProject
Project("{2150E333-8FDC-42A3-9474-1A3956D46DE8}") = "src", "src", "{D74ABFDE-B7CB-4236-8026-89E799B41978}"
EndProject
Project("{9A19103F-16F7-4668-BE54-9A1E7A4F7556}") = "RepStability", "RepStability\RepStability.csproj", "{30167A12-3992-4815-A102-F8A1D0474FF3}"
EndProject
Project("{9A19103F-16F7-4668-BE54-9A1E7A4F7556}") = "Polynomial", "Polynomial\Polynomial.csproj", "{D65BCBC6-DA37-455D-9DD5-0854A0D4FDAC}"
EndProject
Project("{9A19103F-16F7-4668-BE54-9A1E7A4F7556}") = "IntegerMethods", "IntegerMethods\IntegerMethods.csproj", "{3768B6C6-3A13-406E-B341-AE5C77A5AB73}"
EndProject
Project("{2150E333-8FDC-42A3-9474-1A3956D46DE8}") = "tests", "tests", "{A2DC1567-D4DA-4930-864D-F563925F5B2E}"
EndProject
Project("{9A19103F-16F7-4668-BE54-9A1E7A4F7556}") = "PolynomialTests", "PolynomialTests\PolynomialTests.csproj", "{F6120399-A0A8-4816-A513-5277C868FBD9}"
EndProject
Project("{FAE04EC0-301F-11D3-BF4B-00C04F79EFBC}") = "RepStabilityTests", "RepStabilityTests\RepStabilityTests.csproj", "{B1E973D2-AC76-4DAB-B3E4-0AC8CD04D169}"
EndProject
Project("{FAE04EC0-301F-11D3-BF4B-00C04F79EFBC}") = "IntegerMethodsTests", "IntegerMethodsTests\IntegerMethodsTests.csproj", "{589FA6BA-AB37-44BA-B549-E010000E4E06}"
EndProject
Global
	GlobalSection(SolutionConfigurationPlatforms) = preSolution
		Debug|Any CPU = Debug|Any CPU
		Release|Any CPU = Release|Any CPU
	EndGlobalSection
	GlobalSection(ProjectConfigurationPlatforms) = postSolution
		{42B27242-D3C7-4912-8567-DFDE662AE82B}.Debug|Any CPU.ActiveCfg = Debug|Any CPU
		{42B27242-D3C7-4912-8567-DFDE662AE82B}.Debug|Any CPU.Build.0 = Debug|Any CPU
		{42B27242-D3C7-4912-8567-DFDE662AE82B}.Release|Any CPU.ActiveCfg = Release|Any CPU
		{42B27242-D3C7-4912-8567-DFDE662AE82B}.Release|Any CPU.Build.0 = Release|Any CPU
		{30167A12-3992-4815-A102-F8A1D0474FF3}.Debug|Any CPU.ActiveCfg = Debug|Any CPU
		{30167A12-3992-4815-A102-F8A1D0474FF3}.Debug|Any CPU.Build.0 = Debug|Any CPU
		{30167A12-3992-4815-A102-F8A1D0474FF3}.Release|Any CPU.ActiveCfg = Release|Any CPU
		{30167A12-3992-4815-A102-F8A1D0474FF3}.Release|Any CPU.Build.0 = Release|Any CPU
		{D65BCBC6-DA37-455D-9DD5-0854A0D4FDAC}.Debug|Any CPU.ActiveCfg = Debug|Any CPU
		{D65BCBC6-DA37-455D-9DD5-0854A0D4FDAC}.Debug|Any CPU.Build.0 = Debug|Any CPU
		{D65BCBC6-DA37-455D-9DD5-0854A0D4FDAC}.Release|Any CPU.ActiveCfg = Release|Any CPU
		{D65BCBC6-DA37-455D-9DD5-0854A0D4FDAC}.Release|Any CPU.Build.0 = Release|Any CPU
		{3768B6C6-3A13-406E-B341-AE5C77A5AB73}.Debug|Any CPU.ActiveCfg = Debug|Any CPU
		{3768B6C6-3A13-406E-B341-AE5C77A5AB73}.Debug|Any CPU.Build.0 = Debug|Any CPU
		{3768B6C6-3A13-406E-B341-AE5C77A5AB73}.Release|Any CPU.ActiveCfg = Release|Any CPU
		{3768B6C6-3A13-406E-B341-AE5C77A5AB73}.Release|Any CPU.Build.0 = Release|Any CPU
		{F6120399-A0A8-4816-A513-5277C868FBD9}.Debug|Any CPU.ActiveCfg = Debug|Any CPU
		{F6120399-A0A8-4816-A513-5277C868FBD9}.Debug|Any CPU.Build.0 = Debug|Any CPU
		{F6120399-A0A8-4816-A513-5277C868FBD9}.Release|Any CPU.ActiveCfg = Release|Any CPU
		{F6120399-A0A8-4816-A513-5277C868FBD9}.Release|Any CPU.Build.0 = Release|Any CPU
		{B1E973D2-AC76-4DAB-B3E4-0AC8CD04D169}.Debug|Any CPU.ActiveCfg = Debug|Any CPU
		{B1E973D2-AC76-4DAB-B3E4-0AC8CD04D169}.Debug|Any CPU.Build.0 = Debug|Any CPU
		{B1E973D2-AC76-4DAB-B3E4-0AC8CD04D169}.Release|Any CPU.ActiveCfg = Release|Any CPU
		{B1E973D2-AC76-4DAB-B3E4-0AC8CD04D169}.Release|Any CPU.Build.0 = Release|Any CPU
		{589FA6BA-AB37-44BA-B549-E010000E4E06}.Debug|Any CPU.ActiveCfg = Debug|Any CPU
		{589FA6BA-AB37-44BA-B549-E010000E4E06}.Debug|Any CPU.Build.0 = Debug|Any CPU
		{589FA6BA-AB37-44BA-B549-E010000E4E06}.Release|Any CPU.ActiveCfg = Release|Any CPU
		{589FA6BA-AB37-44BA-B549-E010000E4E06}.Release|Any CPU.Build.0 = Release|Any CPU
	EndGlobalSection
	GlobalSection(SolutionProperties) = preSolution
		HideSolutionNode = FALSE
	EndGlobalSection
	GlobalSection(NestedProjects) = preSolution
		{30167A12-3992-4815-A102-F8A1D0474FF3} = {D74ABFDE-B7CB-4236-8026-89E799B41978}
		{D65BCBC6-DA37-455D-9DD5-0854A0D4FDAC} = {D74ABFDE-B7CB-4236-8026-89E799B41978}
		{3768B6C6-3A13-406E-B341-AE5C77A5AB73} = {D74ABFDE-B7CB-4236-8026-89E799B41978}
		{F6120399-A0A8-4816-A513-5277C868FBD9} = {A2DC1567-D4DA-4930-864D-F563925F5B2E}
		{B1E973D2-AC76-4DAB-B3E4-0AC8CD04D169} = {A2DC1567-D4DA-4930-864D-F563925F5B2E}
		{589FA6BA-AB37-44BA-B549-E010000E4E06} = {A2DC1567-D4DA-4930-864D-F563925F5B2E}
	EndGlobalSection
	GlobalSection(ExtensibilityGlobals) = postSolution
		SolutionGuid = {30BB51E3-2DB8-4A62-B615-808E82ADC0EF}
	EndGlobalSection
EndGlobal
